{
    "_readme": [
        "This file locks the dependencies of your project to a known state",
        "Read more about it at https://getcomposer.org/doc/01-basic-usage.md#composer-lock-the-lock-file",
        "This file is @generated automatically"
    ],
    "content-hash": "0c198cbeca6d989d1af3c775ca437c93",
    "packages": [
        {
            "name": "leancloud/leancloud-sdk",
            "version": "v0.8.1",
            "source": {
                "type": "git",
                "url": "https://github.com/leancloud/php-sdk.git",
                "reference": "dad11751b427ec84c4032e4036dc241174df4a4f"
            },
            "dist": {
                "type": "zip",
                "url": "https://api.github.com/repos/leancloud/php-sdk/zipball/dad11751b427ec84c4032e4036dc241174df4a4f",
                "reference": "dad11751b427ec84c4032e4036dc241174df4a4f",
                "shasum": "",
                "mirrors": [
                    {
                        "url": "https://mirrors.aliyun.com/composer/dists/%package%/%reference%.%type%",
                        "preferred": true
                    }
                ]
            },
            "require": {
                "ext-curl": "*",
                "php": ">=5.6"
            },
            "require-dev": {
                "apigen/apigen": "^4.1",
                "doctrine/instantiator": "<1.1.0",
                "phpunit/phpunit": "^5.7"
            },
            "type": "library",
            "autoload": {
                "psr-4": {
                    "LeanCloud\\": "src/LeanCloud"
                }
            },
            "notification-url": "https://packagist.org/downloads/",
            "authors": [
                {
                    "name": "Juvenn Woo",
                    "email": "yun.wu@leancloud.rocks"
                }
            ],
            "description": "LeanCloud PHP SDK",
            "homepage": "https://github.com/leancloud/php-sdk",
            "keywords": [
                "leancloud"
            ],
            "time": "2018-09-25T06:29:17+00:00"
        }
    ],
    "packages-dev": [],
    "aliases": [],
    "minimum-stability": "stable",
    "stability-flags": [],
    "prefer-stable": false,
    "prefer-lowest": false,
    "platform": [],
    "platform-dev": []
}
